
Microsoft Visual Studio Solution File, Format Version 12.00
# Visual Studio Version 16
VisualStudioVersion = 16.0.30011.22
MinimumVisualStudioVersion = 10.0.40219.1
Project("{FAE04EC0-301F-11D3-BF4B-00C04F79EFBC}") = "Folder Locker", "Folder Locker\Folder Locker.csproj", "{0D7C9FDD-FB68-411E-B8D7-407798B823A0}"
EndProject
Project("{54435603-DBB4-11D2-8724-00A0C9A8B90C}") = "FolderLockerSetup", "FolderLockerSetup\FolderLockerSetup.vdproj", "{A68FAF5A-B978-4A4A-99E0-82AA4C32A41C}"
EndProject
Global
	GlobalSection(SolutionConfigurationPlatforms) = preSolution
		Debug|Any CPU = Debug|Any CPU
		Release|Any CPU = Release|Any CPU
	EndGlobalSection
	GlobalSection(ProjectConfigurationPlatforms) = postSolution
		{0D7C9FDD-FB68-411E-B8D7-407798B823A0}.Debug|Any CPU.ActiveCfg = Release|Any CPU
		{0D7C9FDD-FB68-411E-B8D7-407798B823A0}.Debug|Any CPU.Build.0 = Release|Any CPU
		{0D7C9FDD-FB68-411E-B8D7-407798B823A0}.Release|Any CPU.ActiveCfg = Release|Any CPU
		{0D7C9FDD-FB68-411E-B8D7-407798B823A0}.Release|Any CPU.Build.0 = Release|Any CPU
		{A68FAF5A-B978-4A4A-99E0-82AA4C32A41C}.Debug|Any CPU.ActiveCfg = Release
		{A68FAF5A-B978-4A4A-99E0-82AA4C32A41C}.Release|Any CPU.ActiveCfg = Release
	EndGlobalSection
	GlobalSection(SolutionProperties) = preSolution
		HideSolutionNode = FALSE
	EndGlobalSection
	GlobalSection(ExtensibilityGlobals) = postSolution
		SolutionGuid = {175748E2-A3FF-4834-B0D6-BFFD2719DF8C}
	EndGlobalSection
EndGlobal
